{
	"name": "hagezi-to-nextdns",
	"version": "1.1.5",
	"lockfileVersion": 3,
	"requires": true,
	"packages": {
		"": {
			"name": "hagezi-to-nextdns",
			"version": "1.1.5",
			"license": "MIT",
			"devDependencies": {
				"@biomejs/biome": "2.4.6",
				"lefthook": "2.1.2"
			},
			"engines": {
				"node": "24.14.0"
			}
		},
		"node_modules/@biomejs/biome": {
			"version": "2.4.6",
			"resolved": "https://registry.npmjs.org/@biomejs/biome/-/biome-2.4.6.tgz",
			"integrity": "sha512-QnHe81PMslpy3mnpL8DnO2M4S4ZnYPkjlGCLWBZT/3R9M6b5daArWMMtEfP52/n174RKnwRIf3oT8+wc9ihSfQ==",
			"dev": true,
			"license": "MIT OR Apache-2.0",
			"bin": {
				"biome": "bin/biome"
			},
			"engines": {
				"node": ">=14.21.3"
			},
			"funding": {
				"type": "opencollective",
				"url": "https://opencollective.com/biome"
			},
			"optionalDependencies": {
				"@biomejs/cli-darwin-arm64": "2.4.6",
				"@biomejs/cli-darwin-x64": "2.4.6",
				"@biomejs/cli-linux-arm64": "2.4.6",
				"@biomejs/cli-linux-arm64-musl": "2.4.6",
				"@biomejs/cli-linux-x64": "2.4.6",
				"@biomejs/cli-linux-x64-musl": "2.4.6",
				"@biomejs/cli-win32-arm64": "2.4.6",
				"@biomejs/cli-win32-x64": "2.4.6"
			}
		},
		"node_modules/@biomejs/cli-darwin-arm64": {
			"version": "2.4.6",
			"resolved": "https://registry.npmjs.org/@biomejs/cli-darwin-arm64/-/cli-darwin-arm64-2.4.6.tgz",
			"integrity": "sha512-NW18GSyxr+8sJIqgoGwVp5Zqm4SALH4b4gftIA0n62PTuBs6G2tHlwNAOj0Vq0KKSs7Sf88VjjmHh0O36EnzrQ==",
			"cpu": [
				"arm64"
			],
			"dev": true,
			"license": "MIT OR Apache-2.0",
			"optional": true,
			"os": [
				"darwin"
			],
			"engines": {
				"node": ">=14.21.3"
			}
		},
		"node_modules/@biomejs/cli-darwin-x64": {
			"version": "2.4.6",
			"resolved": "https://registry.npmjs.org/@biomejs/cli-darwin-x64/-/cli-darwin-x64-2.4.6.tgz",
			"integrity": "sha512-4uiE/9tuI7cnjtY9b07RgS7gGyYOAfIAGeVJWEfeCnAarOAS7qVmuRyX6d7JTKw28/mt+rUzMasYeZ+0R/U1Mw==",
			"cpu": [
				"x64"
			],
			"dev": true,
			"license": "MIT OR Apache-2.0",
			"optional": true,
			"os": [
				"darwin"
			],
			"engines": {
				"node": ">=14.21.3"
			}
		},
		"node_modules/@biomejs/cli-linux-arm64": {
			"version": "2.4.6",
			"resolved": "https://registry.npmjs.org/@biomejs/cli-linux-arm64/-/cli-linux-arm64-2.4.6.tgz",
			"integrity": "sha512-kMLaI7OF5GN1Q8Doymjro1P8rVEoy7BKQALNz6fiR8IC1WKduoNyteBtJlHT7ASIL0Cx2jR6VUOBIbcB1B8pew==",
			"cpu": [
				"arm64"
			],
			"dev": true,
			"license": "MIT OR Apache-2.0",
			"optional": true,
			"os": [
				"linux"
			],
			"engines": {
				"node": ">=14.21.3"
			}
		},
		"node_modules/@biomejs/cli-linux-arm64-musl": {
			"version": "2.4.6",
			"resolved": "https://registry.npmjs.org/@biomejs/cli-linux-arm64-musl/-/cli-linux-arm64-musl-2.4.6.tgz",
			"integrity": "sha512-F/JdB7eN22txiTqHM5KhIVt0jVkzZwVYrdTR1O3Y4auBOQcXxHK4dxULf4z43QyZI5tsnQJrRBHZy7wwtL+B3A==",
			"cpu": [
				"arm64"
			],
			"dev": true,
			"license": "MIT OR Apache-2.0",
			"optional": true,
			"os": [
				"linux"
			],
			"engines": {
				"node": ">=14.21.3"
			}
		},
		"node_modules/@biomejs/cli-linux-x64": {
			"version": "2.4.6",
			"resolved": "https://registry.npmjs.org/@biomejs/cli-linux-x64/-/cli-linux-x64-2.4.6.tgz",
			"integrity": "sha512-oHXmUFEoH8Lql1xfc3QkFLiC1hGR7qedv5eKNlC185or+o4/4HiaU7vYODAH3peRCfsuLr1g6v2fK9dFFOYdyw==",
			"cpu": [
				"x64"
			],
			"dev": true,
			"license": "MIT OR Apache-2.0",
			"optional": true,
			"os": [
				"linux"
			],
			"engines": {
				"node": ">=14.21.3"
			}
		},
		"node_modules/@biomejs/cli-linux-x64-musl": {
			"version": "2.4.6",
			"resolved": "https://registry.npmjs.org/@biomejs/cli-linux-x64-musl/-/cli-linux-x64-musl-2.4.6.tgz",
			"integrity": "sha512-C9s98IPDu7DYarjlZNuzJKTjVHN03RUnmHV5htvqsx6vEUXCDSJ59DNwjKVD5XYoSS4N+BYhq3RTBAL8X6svEg==",
			"cpu": [
				"x64"
			],
			"dev": true,
			"license": "MIT OR Apache-2.0",
			"optional": true,
			"os": [
				"linux"
			],
			"engines": {
				"node": ">=14.21.3"
			}
		},
		"node_modules/@biomejs/cli-win32-arm64": {
			"version": "2.4.6",
			"resolved": "https://registry.npmjs.org/@biomejs/cli-win32-arm64/-/cli-win32-arm64-2.4.6.tgz",
			"integrity": "sha512-xzThn87Pf3YrOGTEODFGONmqXpTwUNxovQb72iaUOdcw8sBSY3+3WD8Hm9IhMYLnPi0n32s3L3NWU6+eSjfqFg==",
			"cpu": [
				"arm64"
			],
			"dev": true,
			"license": "MIT OR Apache-2.0",
			"optional": true,
			"os": [
				"win32"
			],
			"engines": {
				"node": ">=14.21.3"
			}
		},
		"node_modules/@biomejs/cli-win32-x64": {
			"version": "2.4.6",
			"resolved": "https://registry.npmjs.org/@biomejs/cli-win32-x64/-/cli-win32-x64-2.4.6.tgz",
			"integrity": "sha512-7++XhnsPlr1HDbor5amovPjOH6vsrFOCdp93iKXhFn6bcMUI6soodj3WWKfgEO6JosKU1W5n3uky3WW9RlRjTg==",
			"cpu": [
				"x64"
			],
			"dev": true,
			"license": "MIT OR Apache-2.0",
			"optional": true,
			"os": [
				"win32"
			],
			"engines": {
				"node": ">=14.21.3"
			}
		},
		"node_modules/lefthook": {
			"version": "2.1.2",
			"resolved": "https://registry.npmjs.org/lefthook/-/lefthook-2.1.2.tgz",
			"integrity": "sha512-HdAMl4g47kbWSkrUkCx3Kucq54omFS6piMJtXwXNtmCAfB40UaybTJuYtFW4hNzZ5SvaEimtxTp7P/MNIkEfsA==",
			"dev": true,
			"hasInstallScript": true,
			"license": "MIT",
			"bin": {
				"lefthook": "bin/index.js"
			},
			"optionalDependencies": {
				"lefthook-darwin-arm64": "2.1.2",
				"lefthook-darwin-x64": "2.1.2",
				"lefthook-freebsd-arm64": "2.1.2",
				"lefthook-freebsd-x64": "2.1.2",
				"lefthook-linux-arm64": "2.1.2",
				"lefthook-linux-x64": "2.1.2",
				"lefthook-openbsd-arm64": "2.1.2",
				"lefthook-openbsd-x64": "2.1.2",
				"lefthook-windows-arm64": "2.1.2",
				"lefthook-windows-x64": "2.1.2"
			}
		},
		"node_modules/lefthook-darwin-arm64": {
			"version": "2.1.2",
			"resolved": "https://registry.npmjs.org/lefthook-darwin-arm64/-/lefthook-darwin-arm64-2.1.2.tgz",
			"integrity": "sha512-AgHu93YuJtj1l9bcKlCbo4Tg8N8xFl9iD6BjXCGaGMu46LSjFiXbJFlkUdpgrL8fIbwoCjJi5FNp3POpqs4Wdw==",
			"cpu": [
				"arm64"
			],
			"dev": true,
			"license": "MIT",
			"optional": true,
			"os": [
				"darwin"
			]
		},
		"node_modules/lefthook-darwin-x64": {
			"version": "2.1.2",
			"resolved": "https://registry.npmjs.org/lefthook-darwin-x64/-/lefthook-darwin-x64-2.1.2.tgz",
			"integrity": "sha512-exooc9Ectz13OLJJOXM9AzaFQbqzf9QCF8JuVvGfbr4RYABYK+BwwtydjlPQrA76/n/h4tsS11MH5bBULnLkYA==",
			"cpu": [
				"x64"
			],
			"dev": true,
			"license": "MIT",
			"optional": true,
			"os": [
				"darwin"
			]
		},
		"node_modules/lefthook-freebsd-arm64": {
			"version": "2.1.2",
			"resolved": "https://registry.npmjs.org/lefthook-freebsd-arm64/-/lefthook-freebsd-arm64-2.1.2.tgz",
			"integrity": "sha512-E1QMlJPEU21n9eewv6ePfh+JmoTSg5R1jaYcKCky10kfbMdohNucI3xV91F2LcerE+p3UejKDqr/1wWO2RMGeQ==",
			"cpu": [
				"arm64"
			],
			"dev": true,
			"license": "MIT",
			"optional": true,
			"os": [
				"freebsd"
			]
		},
		"node_modules/lefthook-freebsd-x64": {
			"version": "2.1.2",
			"resolved": "https://registry.npmjs.org/lefthook-freebsd-x64/-/lefthook-freebsd-x64-2.1.2.tgz",
			"integrity": "sha512-/5zp+x8055Thj46x9S7hgnneZxvWhHQvPWkkgISCab1Lh6eLrbxvhE1qTb1lU3DqTnNmH9NeXdq1xPHc9uGluA==",
			"cpu": [
				"x64"
			],
			"dev": true,
			"license": "MIT",
			"optional": true,
			"os": [
				"freebsd"
			]
		},
		"node_modules/lefthook-linux-arm64": {
			"version": "2.1.2",
			"resolved": "https://registry.npmjs.org/lefthook-linux-arm64/-/lefthook-linux-arm64-2.1.2.tgz",
			"integrity": "sha512-UK5FvDTkwKO7tOznY8iEZzuTsM1jXMZAG5BMRs7olN1k1K6m2unR6oKABP0hCd0wDErK6DZKDJDJfB564Rzqtw==",
			"cpu": [
				"arm64"
			],
			"dev": true,
			"license": "MIT",
			"optional": true,
			"os": [
				"linux"
			]
		},
		"node_modules/lefthook-linux-x64": {
			"version": "2.1.2",
			"resolved": "https://registry.npmjs.org/lefthook-linux-x64/-/lefthook-linux-x64-2.1.2.tgz",
			"integrity": "sha512-4eOtz4PNh8GbJ+nA8YVDfW/eMirQWdZqMP/V/MVtoVBGobf6oXvvuDOySvAPOgNYEFN0Boegytmuji/851Vstg==",
			"cpu": [
				"x64"
			],
			"dev": true,
			"license": "MIT",
			"optional": true,
			"os": [
				"linux"
			]
		},
		"node_modules/lefthook-openbsd-arm64": {
			"version": "2.1.2",
			"resolved": "https://registry.npmjs.org/lefthook-openbsd-arm64/-/lefthook-openbsd-arm64-2.1.2.tgz",
			"integrity": "sha512-lJXRJ6iJIBKwomuNBA3CUNSclj2/rKuxGAQoUra214B92VB6jL9zaY5YEs6h/ie9jQrzSnllEeg7xyDIsuVCrQ==",
			"cpu": [
				"arm64"
			],
			"dev": true,
			"license": "MIT",
			"optional": true,
			"os": [
				"openbsd"
			]
		},
		"node_modules/lefthook-openbsd-x64": {
			"version": "2.1.2",
			"resolved": "https://registry.npmjs.org/lefthook-openbsd-x64/-/lefthook-openbsd-x64-2.1.2.tgz",
			"integrity": "sha512-GyOje4W0DIqkmR7/Of5D+mZ0vWqMvtGAVedtJR6d1239xNeMzCS8Q+/a3O1xigceZa5xhlqq0BWlssB/QYPQnA==",
			"cpu": [
				"x64"
			],
			"dev": true,
			"license": "MIT",
			"optional": true,
			"os": [
				"openbsd"
			]
		},
		"node_modules/lefthook-windows-arm64": {
			"version": "2.1.2",
			"resolved": "https://registry.npmjs.org/lefthook-windows-arm64/-/lefthook-windows-arm64-2.1.2.tgz",
			"integrity": "sha512-MZKMqTULEpX/8N3fKXAR0A9RjsGKkEEY0japLqrHOIpxsJXry1DRz0FvQo2kkY4WW3rtFegV9m6eesOymuDrUg==",
			"cpu": [
				"arm64"
			],
			"dev": true,
			"license": "MIT",
			"optional": true,
			"os": [
				"win32"
			]
		},
		"node_modules/lefthook-windows-x64": {
			"version": "2.1.2",
			"resolved": "https://registry.npmjs.org/lefthook-windows-x64/-/lefthook-windows-x64-2.1.2.tgz",
			"integrity": "sha512-NZUgObuaSxc0EXAwC/CzkMf7TuQc++GGIk6TLPdaUpoSsNSJSZEwBVz5DtFB1cG+eMkfO/wOKplls+yjimTTtQ==",
			"cpu": [
				"x64"
			],
			"dev": true,
			"license": "MIT",
			"optional": true,
			"os": [
				"win32"
			]
		}
	}
}
