{
	"name": "hagezi-to-nextdns",
	"version": "1.1.5",
	"lockfileVersion": 3,
	"requires": true,
	"packages": {
		"": {
			"name": "hagezi-to-nextdns",
			"version": "1.1.5",
			"license": "MIT",
			"devDependencies": {
				"@biomejs/biome": "2.4.5",
				"lefthook": "2.1.2"
			},
			"engines": {
				"node": "24.14.0"
			}
		},
		"node_modules/@biomejs/biome": {
			"version": "2.4.5",
			"resolved": "https://registry.npmjs.org/@biomejs/biome/-/biome-2.4.5.tgz",
			"integrity": "sha512-OWNCyMS0Q011R6YifXNOg6qsOg64IVc7XX6SqGsrGszPbkVCoaO7Sr/lISFnXZ9hjQhDewwZ40789QmrG0GYgQ==",
			"dev": true,
			"license": "MIT OR Apache-2.0",
			"bin": {
				"biome": "bin/biome"
			},
			"engines": {
				"node": ">=14.21.3"
			},
			"funding": {
				"type": "opencollective",
				"url": "https://opencollective.com/biome"
			},
			"optionalDependencies": {
				"@biomejs/cli-darwin-arm64": "2.4.5",
				"@biomejs/cli-darwin-x64": "2.4.5",
				"@biomejs/cli-linux-arm64": "2.4.5",
				"@biomejs/cli-linux-arm64-musl": "2.4.5",
				"@biomejs/cli-linux-x64": "2.4.5",
				"@biomejs/cli-linux-x64-musl": "2.4.5",
				"@biomejs/cli-win32-arm64": "2.4.5",
				"@biomejs/cli-win32-x64": "2.4.5"
			}
		},
		"node_modules/@biomejs/cli-darwin-arm64": {
			"version": "2.4.5",
			"resolved": "https://registry.npmjs.org/@biomejs/cli-darwin-arm64/-/cli-darwin-arm64-2.4.5.tgz",
			"integrity": "sha512-lGS4Nd5O3KQJ6TeWv10mElnx1phERhBxqGP/IKq0SvZl78kcWDFMaTtVK+w3v3lusRFxJY78n07PbKplirsU5g==",
			"cpu": [
				"arm64"
			],
			"dev": true,
			"license": "MIT OR Apache-2.0",
			"optional": true,
			"os": [
				"darwin"
			],
			"engines": {
				"node": ">=14.21.3"
			}
		},
		"node_modules/@biomejs/cli-darwin-x64": {
			"version": "2.4.5",
			"resolved": "https://registry.npmjs.org/@biomejs/cli-darwin-x64/-/cli-darwin-x64-2.4.5.tgz",
			"integrity": "sha512-6MoH4tyISIBNkZ2Q5T1R7dLd5BsITb2yhhhrU9jHZxnNSNMWl+s2Mxu7NBF8Y3a7JJcqq9nsk8i637z4gqkJxQ==",
			"cpu": [
				"x64"
			],
			"dev": true,
			"license": "MIT OR Apache-2.0",
			"optional": true,
			"os": [
				"darwin"
			],
			"engines": {
				"node": ">=14.21.3"
			}
		},
		"node_modules/@biomejs/cli-linux-arm64": {
			"version": "2.4.5",
			"resolved": "https://registry.npmjs.org/@biomejs/cli-linux-arm64/-/cli-linux-arm64-2.4.5.tgz",
			"integrity": "sha512-U1GAG6FTjhAO04MyH4xn23wRNBkT6H7NentHh+8UxD6ShXKBm5SY4RedKJzkUThANxb9rUKIPc7B8ew9Xo/cWg==",
			"cpu": [
				"arm64"
			],
			"dev": true,
			"license": "MIT OR Apache-2.0",
			"optional": true,
			"os": [
				"linux"
			],
			"engines": {
				"node": ">=14.21.3"
			}
		},
		"node_modules/@biomejs/cli-linux-arm64-musl": {
			"version": "2.4.5",
			"resolved": "https://registry.npmjs.org/@biomejs/cli-linux-arm64-musl/-/cli-linux-arm64-musl-2.4.5.tgz",
			"integrity": "sha512-iqLDgpzobG7gpBF0fwEVS/LT8kmN7+S0E2YKFDtqliJfzNLnAiV2Nnyb+ehCDCJgAZBASkYHR2o60VQWikpqIg==",
			"cpu": [
				"arm64"
			],
			"dev": true,
			"license": "MIT OR Apache-2.0",
			"optional": true,
			"os": [
				"linux"
			],
			"engines": {
				"node": ">=14.21.3"
			}
		},
		"node_modules/@biomejs/cli-linux-x64": {
			"version": "2.4.5",
			"resolved": "https://registry.npmjs.org/@biomejs/cli-linux-x64/-/cli-linux-x64-2.4.5.tgz",
			"integrity": "sha512-NdODlSugMzTlENPTa4z0xB82dTUlCpsrOxc43///aNkTLblIYH4XpYflBbf5ySlQuP8AA4AZd1qXhV07IdrHdQ==",
			"cpu": [
				"x64"
			],
			"dev": true,
			"license": "MIT OR Apache-2.0",
			"optional": true,
			"os": [
				"linux"
			],
			"engines": {
				"node": ">=14.21.3"
			}
		},
		"node_modules/@biomejs/cli-linux-x64-musl": {
			"version": "2.4.5",
			"resolved": "https://registry.npmjs.org/@biomejs/cli-linux-x64-musl/-/cli-linux-x64-musl-2.4.5.tgz",
			"integrity": "sha512-NlKa7GpbQmNhZf9kakQeddqZyT7itN7jjWdakELeXyTU3pg/83fTysRRDPJD0akTfKDl6vZYNT9Zqn4MYZVBOA==",
			"cpu": [
				"x64"
			],
			"dev": true,
			"license": "MIT OR Apache-2.0",
			"optional": true,
			"os": [
				"linux"
			],
			"engines": {
				"node": ">=14.21.3"
			}
		},
		"node_modules/@biomejs/cli-win32-arm64": {
			"version": "2.4.5",
			"resolved": "https://registry.npmjs.org/@biomejs/cli-win32-arm64/-/cli-win32-arm64-2.4.5.tgz",
			"integrity": "sha512-EBfrTqRIWOFSd7CQb/0ttjHMR88zm3hGravnDwUA9wHAaCAYsULKDebWcN5RmrEo1KBtl/gDVJMrFjNR0pdGUw==",
			"cpu": [
				"arm64"
			],
			"dev": true,
			"license": "MIT OR Apache-2.0",
			"optional": true,
			"os": [
				"win32"
			],
			"engines": {
				"node": ">=14.21.3"
			}
		},
		"node_modules/@biomejs/cli-win32-x64": {
			"version": "2.4.5",
			"resolved": "https://registry.npmjs.org/@biomejs/cli-win32-x64/-/cli-win32-x64-2.4.5.tgz",
			"integrity": "sha512-Pmhv9zT95YzECfjEHNl3mN9Vhusw9VA5KHY0ZvlGsxsjwS5cb7vpRnHzJIv0vG7jB0JI7xEaMH9ddfZm/RozBw==",
			"cpu": [
				"x64"
			],
			"dev": true,
			"license": "MIT OR Apache-2.0",
			"optional": true,
			"os": [
				"win32"
			],
			"engines": {
				"node": ">=14.21.3"
			}
		},
		"node_modules/lefthook": {
			"version": "2.1.2",
			"resolved": "https://registry.npmjs.org/lefthook/-/lefthook-2.1.2.tgz",
			"integrity": "sha512-HdAMl4g47kbWSkrUkCx3Kucq54omFS6piMJtXwXNtmCAfB40UaybTJuYtFW4hNzZ5SvaEimtxTp7P/MNIkEfsA==",
			"dev": true,
			"hasInstallScript": true,
			"license": "MIT",
			"bin": {
				"lefthook": "bin/index.js"
			},
			"optionalDependencies": {
				"lefthook-darwin-arm64": "2.1.2",
				"lefthook-darwin-x64": "2.1.2",
				"lefthook-freebsd-arm64": "2.1.2",
				"lefthook-freebsd-x64": "2.1.2",
				"lefthook-linux-arm64": "2.1.2",
				"lefthook-linux-x64": "2.1.2",
				"lefthook-openbsd-arm64": "2.1.2",
				"lefthook-openbsd-x64": "2.1.2",
				"lefthook-windows-arm64": "2.1.2",
				"lefthook-windows-x64": "2.1.2"
			}
		},
		"node_modules/lefthook-darwin-arm64": {
			"version": "2.1.2",
			"resolved": "https://registry.npmjs.org/lefthook-darwin-arm64/-/lefthook-darwin-arm64-2.1.2.tgz",
			"integrity": "sha512-AgHu93YuJtj1l9bcKlCbo4Tg8N8xFl9iD6BjXCGaGMu46LSjFiXbJFlkUdpgrL8fIbwoCjJi5FNp3POpqs4Wdw==",
			"cpu": [
				"arm64"
			],
			"dev": true,
			"license": "MIT",
			"optional": true,
			"os": [
				"darwin"
			]
		},
		"node_modules/lefthook-darwin-x64": {
			"version": "2.1.2",
			"resolved": "https://registry.npmjs.org/lefthook-darwin-x64/-/lefthook-darwin-x64-2.1.2.tgz",
			"integrity": "sha512-exooc9Ectz13OLJJOXM9AzaFQbqzf9QCF8JuVvGfbr4RYABYK+BwwtydjlPQrA76/n/h4tsS11MH5bBULnLkYA==",
			"cpu": [
				"x64"
			],
			"dev": true,
			"license": "MIT",
			"optional": true,
			"os": [
				"darwin"
			]
		},
		"node_modules/lefthook-freebsd-arm64": {
			"version": "2.1.2",
			"resolved": "https://registry.npmjs.org/lefthook-freebsd-arm64/-/lefthook-freebsd-arm64-2.1.2.tgz",
			"integrity": "sha512-E1QMlJPEU21n9eewv6ePfh+JmoTSg5R1jaYcKCky10kfbMdohNucI3xV91F2LcerE+p3UejKDqr/1wWO2RMGeQ==",
			"cpu": [
				"arm64"
			],
			"dev": true,
			"license": "MIT",
			"optional": true,
			"os": [
				"freebsd"
			]
		},
		"node_modules/lefthook-freebsd-x64": {
			"version": "2.1.2",
			"resolved": "https://registry.npmjs.org/lefthook-freebsd-x64/-/lefthook-freebsd-x64-2.1.2.tgz",
			"integrity": "sha512-/5zp+x8055Thj46x9S7hgnneZxvWhHQvPWkkgISCab1Lh6eLrbxvhE1qTb1lU3DqTnNmH9NeXdq1xPHc9uGluA==",
			"cpu": [
				"x64"
			],
			"dev": true,
			"license": "MIT",
			"optional": true,
			"os": [
				"freebsd"
			]
		},
		"node_modules/lefthook-linux-arm64": {
			"version": "2.1.2",
			"resolved": "https://registry.npmjs.org/lefthook-linux-arm64/-/lefthook-linux-arm64-2.1.2.tgz",
			"integrity": "sha512-UK5FvDTkwKO7tOznY8iEZzuTsM1jXMZAG5BMRs7olN1k1K6m2unR6oKABP0hCd0wDErK6DZKDJDJfB564Rzqtw==",
			"cpu": [
				"arm64"
			],
			"dev": true,
			"license": "MIT",
			"optional": true,
			"os": [
				"linux"
			]
		},
		"node_modules/lefthook-linux-x64": {
			"version": "2.1.2",
			"resolved": "https://registry.npmjs.org/lefthook-linux-x64/-/lefthook-linux-x64-2.1.2.tgz",
			"integrity": "sha512-4eOtz4PNh8GbJ+nA8YVDfW/eMirQWdZqMP/V/MVtoVBGobf6oXvvuDOySvAPOgNYEFN0Boegytmuji/851Vstg==",
			"cpu": [
				"x64"
			],
			"dev": true,
			"license": "MIT",
			"optional": true,
			"os": [
				"linux"
			]
		},
		"node_modules/lefthook-openbsd-arm64": {
			"version": "2.1.2",
			"resolved": "https://registry.npmjs.org/lefthook-openbsd-arm64/-/lefthook-openbsd-arm64-2.1.2.tgz",
			"integrity": "sha512-lJXRJ6iJIBKwomuNBA3CUNSclj2/rKuxGAQoUra214B92VB6jL9zaY5YEs6h/ie9jQrzSnllEeg7xyDIsuVCrQ==",
			"cpu": [
				"arm64"
			],
			"dev": true,
			"license": "MIT",
			"optional": true,
			"os": [
				"openbsd"
			]
		},
		"node_modules/lefthook-openbsd-x64": {
			"version": "2.1.2",
			"resolved": "https://registry.npmjs.org/lefthook-openbsd-x64/-/lefthook-openbsd-x64-2.1.2.tgz",
			"integrity": "sha512-GyOje4W0DIqkmR7/Of5D+mZ0vWqMvtGAVedtJR6d1239xNeMzCS8Q+/a3O1xigceZa5xhlqq0BWlssB/QYPQnA==",
			"cpu": [
				"x64"
			],
			"dev": true,
			"license": "MIT",
			"optional": true,
			"os": [
				"openbsd"
			]
		},
		"node_modules/lefthook-windows-arm64": {
			"version": "2.1.2",
			"resolved": "https://registry.npmjs.org/lefthook-windows-arm64/-/lefthook-windows-arm64-2.1.2.tgz",
			"integrity": "sha512-MZKMqTULEpX/8N3fKXAR0A9RjsGKkEEY0japLqrHOIpxsJXry1DRz0FvQo2kkY4WW3rtFegV9m6eesOymuDrUg==",
			"cpu": [
				"arm64"
			],
			"dev": true,
			"license": "MIT",
			"optional": true,
			"os": [
				"win32"
			]
		},
		"node_modules/lefthook-windows-x64": {
			"version": "2.1.2",
			"resolved": "https://registry.npmjs.org/lefthook-windows-x64/-/lefthook-windows-x64-2.1.2.tgz",
			"integrity": "sha512-NZUgObuaSxc0EXAwC/CzkMf7TuQc++GGIk6TLPdaUpoSsNSJSZEwBVz5DtFB1cG+eMkfO/wOKplls+yjimTTtQ==",
			"cpu": [
				"x64"
			],
			"dev": true,
			"license": "MIT",
			"optional": true,
			"os": [
				"win32"
			]
		}
	}
}
